github.com/PoppingBoba/ninjago v0.0.0-20251109112019-9a9445562a76 h1:y6+Eyq4khOYjd1j76/COJ9gifLvdBI4DkLyymvbblSA=
github.com/PoppingBoba/ninjago v0.0.0-20251109112019-9a9445562a76/go.mod h1:Lphjy08vecTS9oE8KN12rmn8hTkA+E7aTFNUqlVfSfI=
github.com/PoppingBoba/ninjago v0.0.0-20251109113507-af6e7d1a338f h1:gDfi0XcBAmpAGJEdUa0F5LfKiTn88GeXm0Jb7tfOWI8=
github.com/PoppingBoba/ninjago v0.0.0-20251109113507-af6e7d1a338f/go.mod h1:Lphjy08vecTS9oE8KN12rmn8hTkA+E7aTFNUqlVfSfI=
